
Microsoft Visual Studio Solution File, Format Version 12.00
# Visual Studio Version 17
VisualStudioVersion = 17.2.32630.192
MinimumVisualStudioVersion = 10.0.40219.1
Project("{2150E333-8FDC-42A3-9474-1A3956D46DE8}") = "src", "src", "{1F5D3203-0B13-45BD-AFC8-D8A109E1E406}"
EndProject
Project("{9A19103F-16F7-4668-BE54-9A1E7A4F7556}") = "SyringePumpControlCore", "src\SyringePumpControlCore\SyringePumpControlCore.csproj", "{1BEEFB3A-DCE0-4113-94E3-B0F5902BCF3F}"
EndProject
Project("{2150E333-8FDC-42A3-9474-1A3956D46DE8}") = "tests", "tests", "{BD3EE443-8440-40E1-A2E0-43A2B69340FF}"
EndProject
Project("{9A19103F-16F7-4668-BE54-9A1E7A4F7556}") = "SyringePumpControlCore.Tests", "tests\SyringePumpControlCore.Tests\SyringePumpControlCore.Tests.csproj", "{4FC4532C-BBB4-431E-B495-44D54F5FCDA4}"
EndProject
Project("{9A19103F-16F7-4668-BE54-9A1E7A4F7556}") = "ConsoleTest", "tests\ConsoleTest\ConsoleTest.csproj", "{4BCAAF4D-71BE-455C-B1BD-AEB7F660BC8B}"
EndProject
Project("{2150E333-8FDC-42A3-9474-1A3956D46DE8}") = "Solution Items", "Solution Items", "{F9A14FC9-0052-47A5-A562-A66E547E2C6E}"
	ProjectSection(SolutionItems) = preProject
		README.md = README.md
	EndProjectSection
EndProject
Global
	GlobalSection(SolutionConfigurationPlatforms) = preSolution
		Debug|Any CPU = Debug|Any CPU
		Release|Any CPU = Release|Any CPU
	EndGlobalSection
	GlobalSection(ProjectConfigurationPlatforms) = postSolution
		{1BEEFB3A-DCE0-4113-94E3-B0F5902BCF3F}.Debug|Any CPU.ActiveCfg = Debug|Any CPU
		{1BEEFB3A-DCE0-4113-94E3-B0F5902BCF3F}.Debug|Any CPU.Build.0 = Debug|Any CPU
		{1BEEFB3A-DCE0-4113-94E3-B0F5902BCF3F}.Release|Any CPU.ActiveCfg = Release|Any CPU
		{1BEEFB3A-DCE0-4113-94E3-B0F5902BCF3F}.Release|Any CPU.Build.0 = Release|Any CPU
		{4FC4532C-BBB4-431E-B495-44D54F5FCDA4}.Debug|Any CPU.ActiveCfg = Debug|Any CPU
		{4FC4532C-BBB4-431E-B495-44D54F5FCDA4}.Debug|Any CPU.Build.0 = Debug|Any CPU
		{4FC4532C-BBB4-431E-B495-44D54F5FCDA4}.Release|Any CPU.ActiveCfg = Release|Any CPU
		{4FC4532C-BBB4-431E-B495-44D54F5FCDA4}.Release|Any CPU.Build.0 = Release|Any CPU
		{4BCAAF4D-71BE-455C-B1BD-AEB7F660BC8B}.Debug|Any CPU.ActiveCfg = Debug|Any CPU
		{4BCAAF4D-71BE-455C-B1BD-AEB7F660BC8B}.Debug|Any CPU.Build.0 = Debug|Any CPU
		{4BCAAF4D-71BE-455C-B1BD-AEB7F660BC8B}.Release|Any CPU.ActiveCfg = Release|Any CPU
		{4BCAAF4D-71BE-455C-B1BD-AEB7F660BC8B}.Release|Any CPU.Build.0 = Release|Any CPU
	EndGlobalSection
	GlobalSection(SolutionProperties) = preSolution
		HideSolutionNode = FALSE
	EndGlobalSection
	GlobalSection(NestedProjects) = preSolution
		{1BEEFB3A-DCE0-4113-94E3-B0F5902BCF3F} = {1F5D3203-0B13-45BD-AFC8-D8A109E1E406}
		{4FC4532C-BBB4-431E-B495-44D54F5FCDA4} = {BD3EE443-8440-40E1-A2E0-43A2B69340FF}
		{4BCAAF4D-71BE-455C-B1BD-AEB7F660BC8B} = {BD3EE443-8440-40E1-A2E0-43A2B69340FF}
	EndGlobalSection
	GlobalSection(ExtensibilityGlobals) = postSolution
		SolutionGuid = {9FCCE56C-F471-46E1-B2F0-AEB4E8F36023}
	EndGlobalSection
EndGlobal
